
Microsoft Visual Studio Solution File, Format Version 12.00
# Visual Studio Version 16
VisualStudioVersion = 16.0.30413.136
MinimumVisualStudioVersion = 10.0.40219.1
Project("{FAE04EC0-301F-11D3-BF4B-00C04F79EFBC}") = "QrCode", "QrCode\QrCode.csproj", "{ECC8733C-9DAB-4BDA-8CB6-D40A7A3CF3E4}"
EndProject
Project("{FAE04EC0-301F-11D3-BF4B-00C04F79EFBC}") = "QrCodeAcceptanceTests", "QrCodeAcceptanceTests\QrCodeAcceptanceTests.csproj", "{D6BE4B79-8B6B-4247-911B-9C130D1152A6}"
EndProject
Project("{2150E333-8FDC-42A3-9474-1A3956D46DE8}") = "Solution Items", "Solution Items", "{2882BD55-9B88-4CDE-B347-FAD459DF1F2B}"
	ProjectSection(SolutionItems) = preProject
		.gitignore = .gitignore
		.github\workflows\dotnet-core.yml = .github\workflows\dotnet-core.yml
	EndProjectSection
EndProject
Global
	GlobalSection(SolutionConfigurationPlatforms) = preSolution
		Debug|Any CPU = Debug|Any CPU
		Release|Any CPU = Release|Any CPU
	EndGlobalSection
	GlobalSection(ProjectConfigurationPlatforms) = postSolution
		{ECC8733C-9DAB-4BDA-8CB6-D40A7A3CF3E4}.Debug|Any CPU.ActiveCfg = Debug|Any CPU
		{ECC8733C-9DAB-4BDA-8CB6-D40A7A3CF3E4}.Debug|Any CPU.Build.0 = Debug|Any CPU
		{ECC8733C-9DAB-4BDA-8CB6-D40A7A3CF3E4}.Release|Any CPU.ActiveCfg = Release|Any CPU
		{ECC8733C-9DAB-4BDA-8CB6-D40A7A3CF3E4}.Release|Any CPU.Build.0 = Release|Any CPU
		{D6BE4B79-8B6B-4247-911B-9C130D1152A6}.Debug|Any CPU.ActiveCfg = Debug|Any CPU
		{D6BE4B79-8B6B-4247-911B-9C130D1152A6}.Debug|Any CPU.Build.0 = Debug|Any CPU
		{D6BE4B79-8B6B-4247-911B-9C130D1152A6}.Release|Any CPU.ActiveCfg = Release|Any CPU
		{D6BE4B79-8B6B-4247-911B-9C130D1152A6}.Release|Any CPU.Build.0 = Release|Any CPU
	EndGlobalSection
	GlobalSection(SolutionProperties) = preSolution
		HideSolutionNode = FALSE
	EndGlobalSection
	GlobalSection(ExtensibilityGlobals) = postSolution
		SolutionGuid = {DF427F37-1D83-4B99-8752-4AA0221B3B0B}
	EndGlobalSection
EndGlobal
